
Microsoft Visual Studio Solution File, Format Version 12.00
# Visual Studio 15
VisualStudioVersion = 15.0.27428.2043
MinimumVisualStudioVersion = 10.0.40219.1
Project("{FAE04EC0-301F-11D3-BF4B-00C04F79EFBC}") = "PetsApp.Android", "PetsApp\PetsApp.Android\PetsApp.Android.csproj", "{1104BAD5-0FC8-40DA-A048-B1100C05753F}"
EndProject
Project("{FAE04EC0-301F-11D3-BF4B-00C04F79EFBC}") = "PetsApp.iOS", "PetsApp\PetsApp.iOS\PetsApp.iOS.csproj", "{659E070A-6289-4751-9B4C-52005E78611A}"
EndProject
Project("{FAE04EC0-301F-11D3-BF4B-00C04F79EFBC}") = "PetsApp", "PetsApp\PetsApp\PetsApp.csproj", "{1EEB9C1F-8510-49DD-B66F-6B4C91B0E617}"
EndProject
Global
	GlobalSection(SolutionConfigurationPlatforms) = preSolution
		Ad-Hoc|Any CPU = Ad-Hoc|Any CPU
		Ad-Hoc|iPhone = Ad-Hoc|iPhone
		Ad-Hoc|iPhoneSimulator = Ad-Hoc|iPhoneSimulator
		AppStore|Any CPU = AppStore|Any CPU
		AppStore|iPhone = AppStore|iPhone
		AppStore|iPhoneSimulator = AppStore|iPhoneSimulator
		Debug|Any CPU = Debug|Any CPU
		Debug|iPhone = Debug|iPhone
		Debug|iPhoneSimulator = Debug|iPhoneSimulator
		Release|Any CPU = Release|Any CPU
		Release|iPhone = Release|iPhone
		Release|iPhoneSimulator = Release|iPhoneSimulator
	EndGlobalSection
	GlobalSection(ProjectConfigurationPlatforms) = postSolution
		{1104BAD5-0FC8-40DA-A048-B1100C05753F}.Ad-Hoc|Any CPU.ActiveCfg = Release|Any CPU
		{1104BAD5-0FC8-40DA-A048-B1100C05753F}.Ad-Hoc|Any CPU.Build.0 = Release|Any CPU
		{1104BAD5-0FC8-40DA-A048-B1100C05753F}.Ad-Hoc|Any CPU.Deploy.0 = Release|Any CPU
		{1104BAD5-0FC8-40DA-A048-B1100C05753F}.Ad-Hoc|iPhone.ActiveCfg = Release|Any CPU
		{1104BAD5-0FC8-40DA-A048-B1100C05753F}.Ad-Hoc|iPhone.Build.0 = Release|Any CPU
		{1104BAD5-0FC8-40DA-A048-B1100C05753F}.Ad-Hoc|iPhone.Deploy.0 = Release|Any CPU
		{1104BAD5-0FC8-40DA-A048-B1100C05753F}.Ad-Hoc|iPhoneSimulator.ActiveCfg = Release|Any CPU
		{1104BAD5-0FC8-40DA-A048-B1100C05753F}.Ad-Hoc|iPhoneSimulator.Build.0 = Release|Any CPU
		{1104BAD5-0FC8-40DA-A048-B1100C05753F}.Ad-Hoc|iPhoneSimulator.Deploy.0 = Release|Any CPU
		{1104BAD5-0FC8-40DA-A048-B1100C05753F}.AppStore|Any CPU.ActiveCfg = Release|Any CPU
		{1104BAD5-0FC8-40DA-A048-B1100C05753F}.AppStore|Any CPU.Build.0 = Release|Any CPU
		{1104BAD5-0FC8-40DA-A048-B1100C05753F}.AppStore|Any CPU.Deploy.0 = Release|Any CPU
		{1104BAD5-0FC8-40DA-A048-B1100C05753F}.AppStore|iPhone.ActiveCfg = Release|Any CPU
		{1104BAD5-0FC8-40DA-A048-B1100C05753F}.AppStore|iPhone.Build.0 = Release|Any CPU
		{1104BAD5-0FC8-40DA-A048-B1100C05753F}.AppStore|iPhone.Deploy.0 = Release|Any CPU
		{1104BAD5-0FC8-40DA-A048-B1100C05753F}.AppStore|iPhoneSimulator.ActiveCfg = Release|Any CPU
		{1104BAD5-0FC8-40DA-A048-B1100C05753F}.AppStore|iPhoneSimulator.Build.0 = Release|Any CPU
		{1104BAD5-0FC8-40DA-A048-B1100C05753F}.AppStore|iPhoneSimulator.Deploy.0 = Release|Any CPU
		{1104BAD5-0FC8-40DA-A048-B1100C05753F}.Debug|Any CPU.ActiveCfg = Debug|Any CPU
		{1104BAD5-0FC8-40DA-A048-B1100C05753F}.Debug|Any CPU.Build.0 = Debug|Any CPU
		{1104BAD5-0FC8-40DA-A048-B1100C05753F}.Debug|Any CPU.Deploy.0 = Debug|Any CPU
		{1104BAD5-0FC8-40DA-A048-B1100C05753F}.Debug|iPhone.ActiveCfg = Debug|Any CPU
		{1104BAD5-0FC8-40DA-A048-B1100C05753F}.Debug|iPhone.Build.0 = Debug|Any CPU
		{1104BAD5-0FC8-40DA-A048-B1100C05753F}.Debug|iPhone.Deploy.0 = Debug|Any CPU
		{1104BAD5-0FC8-40DA-A048-B1100C05753F}.Debug|iPhoneSimulator.ActiveCfg = Debug|Any CPU
		{1104BAD5-0FC8-40DA-A048-B1100C05753F}.Debug|iPhoneSimulator.Build.0 = Debug|Any CPU
		{1104BAD5-0FC8-40DA-A048-B1100C05753F}.Debug|iPhoneSimulator.Deploy.0 = Debug|Any CPU
		{1104BAD5-0FC8-40DA-A048-B1100C05753F}.Release|Any CPU.ActiveCfg = Release|Any CPU
		{1104BAD5-0FC8-40DA-A048-B1100C05753F}.Release|Any CPU.Build.0 = Release|Any CPU
		{1104BAD5-0FC8-40DA-A048-B1100C05753F}.Release|Any CPU.Deploy.0 = Release|Any CPU
		{1104BAD5-0FC8-40DA-A048-B1100C05753F}.Release|iPhone.ActiveCfg = Release|Any CPU
		{1104BAD5-0FC8-40DA-A048-B1100C05753F}.Release|iPhone.Build.0 = Release|Any CPU
		{1104BAD5-0FC8-40DA-A048-B1100C05753F}.Release|iPhone.Deploy.0 = Release|Any CPU
		{1104BAD5-0FC8-40DA-A048-B1100C05753F}.Release|iPhoneSimulator.ActiveCfg = Release|Any CPU
		{1104BAD5-0FC8-40DA-A048-B1100C05753F}.Release|iPhoneSimulator.Build.0 = Release|Any CPU
		{1104BAD5-0FC8-40DA-A048-B1100C05753F}.Release|iPhoneSimulator.Deploy.0 = Release|Any CPU
		{659E070A-6289-4751-9B4C-52005E78611A}.Ad-Hoc|Any CPU.ActiveCfg = Ad-Hoc|iPhone
		{659E070A-6289-4751-9B4C-52005E78611A}.Ad-Hoc|iPhone.ActiveCfg = Ad-Hoc|iPhone
		{659E070A-6289-4751-9B4C-52005E78611A}.Ad-Hoc|iPhone.Build.0 = Ad-Hoc|iPhone
		{659E070A-6289-4751-9B4C-52005E78611A}.Ad-Hoc|iPhoneSimulator.ActiveCfg = Ad-Hoc|iPhoneSimulator
		{659E070A-6289-4751-9B4C-52005E78611A}.Ad-Hoc|iPhoneSimulator.Build.0 = Ad-Hoc|iPhoneSimulator
		{659E070A-6289-4751-9B4C-52005E78611A}.AppStore|Any CPU.ActiveCfg = AppStore|iPhone
		{659E070A-6289-4751-9B4C-52005E78611A}.AppStore|iPhone.ActiveCfg = AppStore|iPhone
		{659E070A-6289-4751-9B4C-52005E78611A}.AppStore|iPhone.Build.0 = AppStore|iPhone
		{659E070A-6289-4751-9B4C-52005E78611A}.AppStore|iPhoneSimulator.ActiveCfg = AppStore|iPhoneSimulator
		{659E070A-6289-4751-9B4C-52005E78611A}.AppStore|iPhoneSimulator.Build.0 = AppStore|iPhoneSimulator
		{659E070A-6289-4751-9B4C-52005E78611A}.Debug|Any CPU.ActiveCfg = Debug|iPhone
		{659E070A-6289-4751-9B4C-52005E78611A}.Debug|iPhone.ActiveCfg = Debug|iPhone
		{659E070A-6289-4751-9B4C-52005E78611A}.Debug|iPhone.Build.0 = Debug|iPhone
		{659E070A-6289-4751-9B4C-52005E78611A}.Debug|iPhoneSimulator.ActiveCfg = Debug|iPhoneSimulator
		{659E070A-6289-4751-9B4C-52005E78611A}.Debug|iPhoneSimulator.Build.0 = Debug|iPhoneSimulator
		{659E070A-6289-4751-9B4C-52005E78611A}.Release|Any CPU.ActiveCfg = Release|iPhone
		{659E070A-6289-4751-9B4C-52005E78611A}.Release|iPhone.ActiveCfg = Release|iPhone
		{659E070A-6289-4751-9B4C-52005E78611A}.Release|iPhone.Build.0 = Release|iPhone
		{659E070A-6289-4751-9B4C-52005E78611A}.Release|iPhoneSimulator.ActiveCfg = Release|iPhoneSimulator
		{659E070A-6289-4751-9B4C-52005E78611A}.Release|iPhoneSimulator.Build.0 = Release|iPhoneSimulator
		{1EEB9C1F-8510-49DD-B66F-6B4C91B0E617}.Ad-Hoc|Any CPU.ActiveCfg = Debug|Any CPU
		{1EEB9C1F-8510-49DD-B66F-6B4C91B0E617}.Ad-Hoc|Any CPU.Build.0 = Debug|Any CPU
		{1EEB9C1F-8510-49DD-B66F-6B4C91B0E617}.Ad-Hoc|iPhone.ActiveCfg = Debug|Any CPU
		{1EEB9C1F-8510-49DD-B66F-6B4C91B0E617}.Ad-Hoc|iPhone.Build.0 = Debug|Any CPU
		{1EEB9C1F-8510-49DD-B66F-6B4C91B0E617}.Ad-Hoc|iPhoneSimulator.ActiveCfg = Debug|Any CPU
		{1EEB9C1F-8510-49DD-B66F-6B4C91B0E617}.Ad-Hoc|iPhoneSimulator.Build.0 = Debug|Any CPU
		{1EEB9C1F-8510-49DD-B66F-6B4C91B0E617}.AppStore|Any CPU.ActiveCfg = Debug|Any CPU
		{1EEB9C1F-8510-49DD-B66F-6B4C91B0E617}.AppStore|Any CPU.Build.0 = Debug|Any CPU
		{1EEB9C1F-8510-49DD-B66F-6B4C91B0E617}.AppStore|iPhone.ActiveCfg = Debug|Any CPU
		{1EEB9C1F-8510-49DD-B66F-6B4C91B0E617}.AppStore|iPhone.Build.0 = Debug|Any CPU
		{1EEB9C1F-8510-49DD-B66F-6B4C91B0E617}.AppStore|iPhoneSimulator.ActiveCfg = Debug|Any CPU
		{1EEB9C1F-8510-49DD-B66F-6B4C91B0E617}.AppStore|iPhoneSimulator.Build.0 = Debug|Any CPU
		{1EEB9C1F-8510-49DD-B66F-6B4C91B0E617}.Debug|Any CPU.ActiveCfg = Debug|Any CPU
		{1EEB9C1F-8510-49DD-B66F-6B4C91B0E617}.Debug|Any CPU.Build.0 = Debug|Any CPU
		{1EEB9C1F-8510-49DD-B66F-6B4C91B0E617}.Debug|iPhone.ActiveCfg = Debug|Any CPU
		{1EEB9C1F-8510-49DD-B66F-6B4C91B0E617}.Debug|iPhone.Build.0 = Debug|Any CPU
		{1EEB9C1F-8510-49DD-B66F-6B4C91B0E617}.Debug|iPhoneSimulator.ActiveCfg = Debug|Any CPU
		{1EEB9C1F-8510-49DD-B66F-6B4C91B0E617}.Debug|iPhoneSimulator.Build.0 = Debug|Any CPU
		{1EEB9C1F-8510-49DD-B66F-6B4C91B0E617}.Release|Any CPU.ActiveCfg = Release|Any CPU
		{1EEB9C1F-8510-49DD-B66F-6B4C91B0E617}.Release|Any CPU.Build.0 = Release|Any CPU
		{1EEB9C1F-8510-49DD-B66F-6B4C91B0E617}.Release|iPhone.ActiveCfg = Release|Any CPU
		{1EEB9C1F-8510-49DD-B66F-6B4C91B0E617}.Release|iPhone.Build.0 = Release|Any CPU
		{1EEB9C1F-8510-49DD-B66F-6B4C91B0E617}.Release|iPhoneSimulator.ActiveCfg = Release|Any CPU
		{1EEB9C1F-8510-49DD-B66F-6B4C91B0E617}.Release|iPhoneSimulator.Build.0 = Release|Any CPU
	EndGlobalSection
	GlobalSection(SolutionProperties) = preSolution
		HideSolutionNode = FALSE
	EndGlobalSection
	GlobalSection(ExtensibilityGlobals) = postSolution
		SolutionGuid = {24581003-13BF-4630-8CBE-0F900CE36A69}
	EndGlobalSection
EndGlobal
